github.com/SethCurry/gofall v0.0.0-20250220154907-6307bd10223d h1:EiQJqB6V/o3Wk72+FS5jAzWYSDZzwhJnktNfq6iiwVQ=
github.com/SethCurry/gofall v0.0.0-20250220154907-6307bd10223d/go.mod h1:kG/2+r4E32Hh+ADOsrWbCdw6THO5o3Iy3nmXjuNj814=
github.com/SethCurry/gofall v0.0.2 h1:jVZNDQYL2il3eIJ8nToFcYcEh5LD7Orr3ghW8MEY5r0=
github.com/SethCurry/gofall v0.0.2/go.mod h1:9flYY2tZV+m+xyNRCXvsjxxvZfzpemk/3ocmwlfhKzY=
github.com/davecgh/go-spew v1.1.1 h1:vj9j/u1bqnvCEfJOwUhtlOARqs3+rkHYY13jYWTU97c=
github.com/davecgh/go-spew v1.1.1/go.mod h1:J7Y8YcW2NihsgmVo/mv3lAwl/skON4iLHjSsI+c5H38=
github.com/pmezard/go-difflib v1.0.0 h1:4DBwDE0NGyQoBHbLQYPwSUPoCMWR5BEzIk/f1lZbAQM=
github.com/pmezard/go-difflib v1.0.0/go.mod h1:iKH77koFhYxTK1pcRnkKkqfTogsbg7gZNVY4sRDYZ/4=
github.com/stretchr/testify v1.8.4 h1:CcVxjf3Q8PM0mHUKJCdn+eZZtm5yQwehR5yeSVQQcUk=
github.com/stretchr/testify v1.8.4/go.mod h1:sz/lmYIOXD/1dqDmKjjqLyZ2RngseejIcXlSw2iwfAo=
golang.org/x/net v0.28.0 h1:a9JDOJc5GMUJ0+UDqmLT86WiEy7iWyIhz8gz8E4e5hE=
golang.org/x/net v0.28.0/go.mod h1:yqtgsTWOOnlGLG9GFRrK3++bGOUEkNBoHZc8MEDWPNg=
gopkg.in/yaml.v3 v3.0.1 h1:fxVm/GzAzEWqLHuvctI91KS9hhNmmWOoWu0XTYJS7CA=
gopkg.in/yaml.v3 v3.0.1/go.mod h1:K4uyk7z7BCEPqu6E+C64Yfv1cQ7kz7rIZviUmN+EgEM=
